
Microsoft Visual Studio Solution File, Format Version 12.00
# Visual Studio 15
VisualStudioVersion = 15.0.28010.2026
MinimumVisualStudioVersion = 10.0.40219.1
Project("{FAE04EC0-301F-11D3-BF4B-00C04F79EFBC}") = "VerbanacTeo_RichTextBox", "VerbanacTeo_RichTextBox\VerbanacTeo_RichTextBox.csproj", "{09D2E653-57C0-4C14-9663-E1B7779444EC}"
EndProject
Global
	GlobalSection(SolutionConfigurationPlatforms) = preSolution
		Debug|Any CPU = Debug|Any CPU
		Release|Any CPU = Release|Any CPU
	EndGlobalSection
	GlobalSection(ProjectConfigurationPlatforms) = postSolution
		{09D2E653-57C0-4C14-9663-E1B7779444EC}.Debug|Any CPU.ActiveCfg = Debug|Any CPU
		{09D2E653-57C0-4C14-9663-E1B7779444EC}.Debug|Any CPU.Build.0 = Debug|Any CPU
		{09D2E653-57C0-4C14-9663-E1B7779444EC}.Release|Any CPU.ActiveCfg = Release|Any CPU
		{09D2E653-57C0-4C14-9663-E1B7779444EC}.Release|Any CPU.Build.0 = Release|Any CPU
	EndGlobalSection
	GlobalSection(SolutionProperties) = preSolution
		HideSolutionNode = FALSE
	EndGlobalSection
	GlobalSection(ExtensibilityGlobals) = postSolution
		SolutionGuid = {681461F3-42A2-4AFF-AE2C-E6FE8B326F08}
	EndGlobalSection
EndGlobal
