
Microsoft Visual Studio Solution File, Format Version 12.00
# Visual Studio 15
VisualStudioVersion = 15.0.28010.2026
MinimumVisualStudioVersion = 10.0.40219.1
Project("{FAE04EC0-301F-11D3-BF4B-00C04F79EFBC}") = "VerbanacTeo_TimerKomponenta", "VerbanacTeo_TimerKomponenta\VerbanacTeo_TimerKomponenta.csproj", "{B07C3349-C5A1-4E85-BB34-B915A2FC7F27}"
EndProject
Global
	GlobalSection(SolutionConfigurationPlatforms) = preSolution
		Debug|Any CPU = Debug|Any CPU
		Release|Any CPU = Release|Any CPU
	EndGlobalSection
	GlobalSection(ProjectConfigurationPlatforms) = postSolution
		{B07C3349-C5A1-4E85-BB34-B915A2FC7F27}.Debug|Any CPU.ActiveCfg = Debug|Any CPU
		{B07C3349-C5A1-4E85-BB34-B915A2FC7F27}.Debug|Any CPU.Build.0 = Debug|Any CPU
		{B07C3349-C5A1-4E85-BB34-B915A2FC7F27}.Release|Any CPU.ActiveCfg = Release|Any CPU
		{B07C3349-C5A1-4E85-BB34-B915A2FC7F27}.Release|Any CPU.Build.0 = Release|Any CPU
	EndGlobalSection
	GlobalSection(SolutionProperties) = preSolution
		HideSolutionNode = FALSE
	EndGlobalSection
	GlobalSection(ExtensibilityGlobals) = postSolution
		SolutionGuid = {B6239E3D-401F-4B69-9615-2436F7385862}
	EndGlobalSection
EndGlobal
